{
    "requires": true,
    "lockfileVersion": 1,
    "dependencies": {
        "ckeditor4": {
            "version": "4.16.2",
            "resolved": "https://registry.npmjs.org/ckeditor4/-/ckeditor4-4.16.2.tgz",
            "integrity": "sha512-5x2FmI+yGpQIKISh24Wp4HwjQxN6C4Lw59yh68HbFwcnMu8DvSiZLJfeINGvRG1oQ1L9GzJ5Pqd0PL0KDH08Jw=="
        }
    }
}
